
Microsoft Visual Studio Solution File, Format Version 12.00
# Visual Studio Version 17
VisualStudioVersion = 17.4.33122.133
MinimumVisualStudioVersion = 10.0.40219.1
Project("{9A19103F-16F7-4668-BE54-9A1E7A4F7556}") = "MealOrdering.Server", "MealOrdering\Server\MealOrdering.Server.csproj", "{49525639-9823-48CB-A92B-2339C6A77CD5}"
EndProject
Project("{9A19103F-16F7-4668-BE54-9A1E7A4F7556}") = "MealOrdering.Client", "MealOrdering\Client\MealOrdering.Client.csproj", "{6904E46C-68D9-4C76-841F-7345ECF770B8}"
EndProject
Project("{9A19103F-16F7-4668-BE54-9A1E7A4F7556}") = "MealOrdering.Shared", "MealOrdering\Shared\MealOrdering.Shared.csproj", "{C6AEAAA1-DDF2-47E2-A0A0-E9DF9B2A5863}"
EndProject
Global
	GlobalSection(SolutionConfigurationPlatforms) = preSolution
		Debug|Any CPU = Debug|Any CPU
		Release|Any CPU = Release|Any CPU
	EndGlobalSection
	GlobalSection(ProjectConfigurationPlatforms) = postSolution
		{49525639-9823-48CB-A92B-2339C6A77CD5}.Debug|Any CPU.ActiveCfg = Debug|Any CPU
		{49525639-9823-48CB-A92B-2339C6A77CD5}.Debug|Any CPU.Build.0 = Debug|Any CPU
		{49525639-9823-48CB-A92B-2339C6A77CD5}.Release|Any CPU.ActiveCfg = Release|Any CPU
		{49525639-9823-48CB-A92B-2339C6A77CD5}.Release|Any CPU.Build.0 = Release|Any CPU
		{6904E46C-68D9-4C76-841F-7345ECF770B8}.Debug|Any CPU.ActiveCfg = Debug|Any CPU
		{6904E46C-68D9-4C76-841F-7345ECF770B8}.Debug|Any CPU.Build.0 = Debug|Any CPU
		{6904E46C-68D9-4C76-841F-7345ECF770B8}.Release|Any CPU.ActiveCfg = Release|Any CPU
		{6904E46C-68D9-4C76-841F-7345ECF770B8}.Release|Any CPU.Build.0 = Release|Any CPU
		{C6AEAAA1-DDF2-47E2-A0A0-E9DF9B2A5863}.Debug|Any CPU.ActiveCfg = Debug|Any CPU
		{C6AEAAA1-DDF2-47E2-A0A0-E9DF9B2A5863}.Debug|Any CPU.Build.0 = Debug|Any CPU
		{C6AEAAA1-DDF2-47E2-A0A0-E9DF9B2A5863}.Release|Any CPU.ActiveCfg = Release|Any CPU
		{C6AEAAA1-DDF2-47E2-A0A0-E9DF9B2A5863}.Release|Any CPU.Build.0 = Release|Any CPU
	EndGlobalSection
	GlobalSection(SolutionProperties) = preSolution
		HideSolutionNode = FALSE
	EndGlobalSection
	GlobalSection(ExtensibilityGlobals) = postSolution
		SolutionGuid = {B57F611D-1661-40FB-8DB1-298B435D2D4B}
	EndGlobalSection
EndGlobal
